
Microsoft Visual Studio Solution File, Format Version 12.00
# Visual Studio Version 16
VisualStudioVersion = 16.0.28729.10
MinimumVisualStudioVersion = 10.0.40219.1
Project("{FAE04EC0-301F-11D3-BF4B-00C04F79EFBC}") = "KING.K3.BD.MaterialSaveCheck", "KING.K3.BD.MaterialSaveCheck\KING.K3.BD.MaterialSaveCheck.csproj", "{C6A4F183-2F61-44EA-94D0-3F6C2BF504EA}"
EndProject
Global
	GlobalSection(SolutionConfigurationPlatforms) = preSolution
		Debug|Any CPU = Debug|Any CPU
		Release|Any CPU = Release|Any CPU
	EndGlobalSection
	GlobalSection(ProjectConfigurationPlatforms) = postSolution
		{C6A4F183-2F61-44EA-94D0-3F6C2BF504EA}.Debug|Any CPU.ActiveCfg = Debug|Any CPU
		{C6A4F183-2F61-44EA-94D0-3F6C2BF504EA}.Debug|Any CPU.Build.0 = Debug|Any CPU
		{C6A4F183-2F61-44EA-94D0-3F6C2BF504EA}.Release|Any CPU.ActiveCfg = Release|Any CPU
		{C6A4F183-2F61-44EA-94D0-3F6C2BF504EA}.Release|Any CPU.Build.0 = Release|Any CPU
	EndGlobalSection
	GlobalSection(SolutionProperties) = preSolution
		HideSolutionNode = FALSE
	EndGlobalSection
EndGlobal
