
Microsoft Visual Studio Solution File, Format Version 12.00
# Visual Studio Version 17
VisualStudioVersion = 17.7.34302.85
MinimumVisualStudioVersion = 10.0.40219.1
Project("{FAE04EC0-301F-11D3-BF4B-00C04F79EFBC}") = "JLJGHZQD", "JLJGHZQD.csproj", "{45E2B246-4343-48C6-9B5A-015C00F85F6E}"
EndProject
Global
	GlobalSection(SolutionConfigurationPlatforms) = preSolution
		Debug|Any CPU = Debug|Any CPU
		Release|Any CPU = Release|Any CPU
	EndGlobalSection
	GlobalSection(ProjectConfigurationPlatforms) = postSolution
		{45E2B246-4343-48C6-9B5A-015C00F85F6E}.Debug|Any CPU.ActiveCfg = Debug|Any CPU
		{45E2B246-4343-48C6-9B5A-015C00F85F6E}.Debug|Any CPU.Build.0 = Debug|Any CPU
		{45E2B246-4343-48C6-9B5A-015C00F85F6E}.Release|Any CPU.ActiveCfg = Release|Any CPU
		{45E2B246-4343-48C6-9B5A-015C00F85F6E}.Release|Any CPU.Build.0 = Release|Any CPU
	EndGlobalSection
	GlobalSection(SolutionProperties) = preSolution
		HideSolutionNode = FALSE
	EndGlobalSection
	GlobalSection(ExtensibilityGlobals) = postSolution
		SolutionGuid = {6009669D-DDE6-49C1-A7AD-18A31D7DF4ED}
	EndGlobalSection
EndGlobal
